// !$*UTF8*$!
{
	archiveVersion = 1;
	classes = {
	};
	objectVersion = 55;
	objects = {

/* Begin PBXBuildFile section */
		03993B26CB7A74A0D0F03988 /* LogView.swift in Sources */ = {isa = PBXBuildFile; fileRef = BA39190F76350BCCAA6095F8 /* LogView.swift */; };
		09E192A123024827FEDADD3D /* HostsManager.swift in Sources */ = {isa = PBXBuildFile; fileRef = EC0E2730CF0969960DA847EC /* HostsManager.swift */; };
		17C1E6FA44A7D807F212F72A /* MainView.swift in Sources */ = {isa = PBXBuildFile; fileRef = D6C37688ED8384EAAB76DBC0 /* MainView.swift */; };
		224DF4D1BDA6DCDE0701B680 /* GlassBackground.swift in Sources */ = {isa = PBXBuildFile; fileRef = 779972010413BD0974171CB4 /* GlassBackground.swift */; };
		22B4EA0152C2C9106E0EF22A /* HostsListView.swift in Sources */ = {isa = PBXBuildFile; fileRef = FBA348775BC62570F2698C40 /* HostsListView.swift */; };
		2F367B716DAEE373AD167284 /* HostsDetailView.swift in Sources */ = {isa = PBXBuildFile; fileRef = F28E4DB07608FA9A58330FED /* HostsDetailView.swift */; };
		332B78FDEB28FA7817B000A9 /* HostsViewModel.swift in Sources */ = {isa = PBXBuildFile; fileRef = 320013430423808B1F3925B7 /* HostsViewModel.swift */; };
		382CA82E2D59D81A00CD627E /* AVFoundation.framework in Frameworks */ = {isa = PBXBuildFile; fileRef = 382CA82D2D59D81A00CD627E /* AVFoundation.framework */; };
		3873EC8A2F3086AD00FE696C /* HostsStorage.swift in Sources */ = {isa = PBXBuildFile; fileRef = 3873EC862F3086AD00FE696C /* HostsStorage.swift */; };
		3873EC8B2F3086AD00FE696C /* HostsFile.swift in Sources */ = {isa = PBXBuildFile; fileRef = 3873EC882F3086AD00FE696C /* HostsFile.swift */; };
		3873EC952F3086EE00FE696C /* PacketTunnelProvider.swift in Sources */ = {isa = PBXBuildFile; fileRef = 3873EC902F3086EE00FE696C /* PacketTunnelProvider.swift */; };
		3873EC982F3086EE00FE696C /* PacketTunnelProvider.swift in Sources */ = {isa = PBXBuildFile; fileRef = 3873EC902F3086EE00FE696C /* PacketTunnelProvider.swift */; };
		3873ECBA2F30A94A00FE696C /* Localizable.strings in Resources */ = {isa = PBXBuildFile; fileRef = 3873ECA82F30A94A00FE696C /* Localizable.strings */; };
		3873ED172F3B05DD00FE696C /* upload.html in Resources */ = {isa = PBXBuildFile; fileRef = 3873ED152F3B05DD00FE696C /* upload.html */; };
		3873ED1B2F3B12B300FE696C /* HostsListCell.swift in Sources */ = {isa = PBXBuildFile; fileRef = 3873ED182F3B12B300FE696C /* HostsListCell.swift */; };
		3873ED1C2F3B12B300FE696C /* HSBLiquidGlassView.swift in Sources */ = {isa = PBXBuildFile; fileRef = 3873ED192F3B12B300FE696C /* HSBLiquidGlassView.swift */; };
		3873ED212F3B142900FE696C /* HSBLogger.swift in Sources */ = {isa = PBXBuildFile; fileRef = 3873ED1F2F3B142900FE696C /* HSBLogger.swift */; };
		38C116372F2DA0EA001F800C /* Launch_tv.storyboard in Resources */ = {isa = PBXBuildFile; fileRef = 38C1162F2F2DA0EA001F800C /* Launch_tv.storyboard */; platformFilters = (tvos, ); };
		38C1163A2F2DA0EA001F800C /* Assets.xcassets in Resources */ = {isa = PBXBuildFile; fileRef = 38C1162C2F2DA0EA001F800C /* Assets.xcassets */; };
		38C1163B2F2DA0EA001F800C /* Pods-acknowledgements.plist in Resources */ = {isa = PBXBuildFile; fileRef = 38C1162A2F2DA0EA001F800C /* Pods-acknowledgements.plist */; };
		38C1163C2F2DA0EA001F800C /* main.m in Sources */ = {isa = PBXBuildFile; fileRef = 38C116302F2DA0EA001F800C /* main.m */; };
		38C1163D2F2DA0EA001F800C /* SceneDelegate.m in Sources */ = {isa = PBXBuildFile; fileRef = 38C116322F2DA0EA001F800C /* SceneDelegate.m */; };
		38CBD97D2FA4355D00C1FAE9 /* THLHOSTSNetworkExtension.appex in Embed Foundation Extensions */ = {isa = PBXBuildFile; fileRef = 85D776112E188077CCE2EAA2 /* THLHOSTSNetworkExtension.appex */; platformFilters = (ios, tvos, ); settings = {ATTRIBUTES = (RemoveHeadersOnCopy, ); }; };
		38CBDA4B2FA4390400C1FAE9 /* Launch.storyboard in Resources */ = {isa = PBXBuildFile; fileRef = 3873ED062F3AFFD100FE696C /* Launch.storyboard */; platformFilters = (ios, maccatalyst, ); };
		4517E6EED9A4B3C958FF3F42 /* Pods_THLHOSTSNetworkExtension.framework in Frameworks */ = {isa = PBXBuildFile; fileRef = 69200A1BFDABE129955293E8 /* Pods_THLHOSTSNetworkExtension.framework */; };
		48B29680A93E50B735606037 /* HostsDetailView.swift in Sources */ = {isa = PBXBuildFile; fileRef = 6A34111091A1B875EE2E3144 /* HostsDetailView.swift */; };
		52A208A7AE4124C4A86B1A65 /* ThemeManager.swift in Sources */ = {isa = PBXBuildFile; fileRef = DA30FE92F03191D32CAFE2D8 /* ThemeManager.swift */; };
		55180A7E658328CC6BD14994 /* MainView.swift in Sources */ = {isa = PBXBuildFile; fileRef = 6066225F93CC673A269CCE47 /* MainView.swift */; };
		56B45EE09A4A793E9F7CEE43 /* HostsViewModel.swift in Sources */ = {isa = PBXBuildFile; fileRef = 478EAE1909F7DE4B90C39231 /* HostsViewModel.swift */; };
		5F3ECEADDAA736D6A7A01BBF /* HostsListView.swift in Sources */ = {isa = PBXBuildFile; fileRef = 4C47B1AB27F6EB1F783F586D /* HostsListView.swift */; };
		6E66AAA3B63F41F2545123EF /* AppColors.swift in Sources */ = {isa = PBXBuildFile; fileRef = CDFBABEADACC19FA16204BDF /* AppColors.swift */; };
		7E70EB51FC90411E91E46A49 /* Pods_THLHOSTSApp.framework in Frameworks */ = {isa = PBXBuildFile; fileRef = 9A0DBD7CD5120CB3F0ED3339 /* Pods_THLHOSTSApp.framework */; };
		804B9A4EC385B38115E68122 /* DeviceHelper.swift in Sources */ = {isa = PBXBuildFile; fileRef = FFF752F695CF809FE6D675BD /* DeviceHelper.swift */; };
		9675E1FC20855F6500A4A84A /* Foundation.framework in Frameworks */ = {isa = PBXBuildFile; fileRef = 9675E1FB20855F6500A4A84A /* Foundation.framework */; };
		9675E1FF20857AEF00A4A84A /* UIKit.framework in Frameworks */ = {isa = PBXBuildFile; fileRef = 9675E1FE20857AEF00A4A84A /* UIKit.framework */; };
		9825049CA0299A3F9AB40C75 /* SettingsView.swift in Sources */ = {isa = PBXBuildFile; fileRef = 7F80F908C2C5BC59F37F5187 /* SettingsView.swift */; };
		AA0000000000000HSBLANGBD /* HSBHostsLanguageManager.swift in Sources */ = {isa = PBXBuildFile; fileRef = AA00000000000000HSBLANGMAN /* HSBHostsLanguageManager.swift */; };
		B33A877F22DD2D4971857846 /* GlassBackground.swift in Sources */ = {isa = PBXBuildFile; fileRef = ADF36B7D9DB17672F1FBD29D /* GlassBackground.swift */; };
		B35DCFE1400DA43B90773716 /* HSBHostsManager.swift in Sources */ = {isa = PBXBuildFile; fileRef = 5E3D9136418A6054BB5DAD0D /* HSBHostsManager.swift */; };
		BB9BE09CCE585FF050181593 /* HostsManager.swift in Sources */ = {isa = PBXBuildFile; fileRef = EC0E2730CF0969960DA847EC /* HostsManager.swift */; };
		BF5382B843BF90EBB4377F01 /* SettingsView.swift in Sources */ = {isa = PBXBuildFile; fileRef = 96D5648BAED7A99400375951 /* SettingsView.swift */; };
		D4DF6F6D334F1BC2600BD1C1 /* EmptyStateView.swift in Sources */ = {isa = PBXBuildFile; fileRef = EABD0B439230B088D8433822 /* EmptyStateView.swift */; };
		DEB0BA2D9669687C486D4D41 /* SettingsIconButton.swift in Sources */ = {isa = PBXBuildFile; fileRef = 62BB6DE2EB5ED5E64A85A4F9 /* SettingsIconButton.swift */; };
		EC82E83C26A656190CD83F7D /* Foundation.framework in Frameworks */ = {isa = PBXBuildFile; fileRef = 5D0B7EB5F373374F55971E27 /* Foundation.framework */; };
/* End PBXBuildFile section */

/* Begin PBXContainerItemProxy section */
		38CBD97E2FA4355D00C1FAE9 /* PBXContainerItemProxy */ = {
			isa = PBXContainerItemProxy;
			containerPortal = B002B85A1BAE420500C744AF /* Project object */;
			proxyType = 1;
			remoteGlobalIDString = 1468A3F9A868B54C83E93BFF;
			remoteInfo = THLHOSTSNetworkExtension;
		};
/* End PBXContainerItemProxy section */

/* Begin PBXCopyFilesBuildPhase section */
		384E1A3B2E767E1C00B41380 /* Embed Frameworks */ = {
			isa = PBXCopyFilesBuildPhase;
			buildActionMask = 2147483647;
			dstPath = "";
			dstSubfolderSpec = 10;
			files = (
			);
			name = "Embed Frameworks";
			runOnlyForDeploymentPostprocessing = 0;
		};
		38CBD9802FA4355D00C1FAE9 /* Embed Foundation Extensions */ = {
			isa = PBXCopyFilesBuildPhase;
			buildActionMask = 2147483647;
			dstPath = "";
			dstSubfolderSpec = 13;
			files = (
				38CBD97D2FA4355D00C1FAE9 /* THLHOSTSNetworkExtension.appex in Embed Foundation Extensions */,
			);
			name = "Embed Foundation Extensions";
			runOnlyForDeploymentPostprocessing = 0;
		};
/* End PBXCopyFilesBuildPhase section */

/* Begin PBXFileReference section */
		0425ED73C7E4A5D061537AC1 /* Pods-THLHOSTSApp.debug.xcconfig */ = {isa = PBXFileReference; includeInIndex = 1; lastKnownFileType = text.xcconfig; name = "Pods-THLHOSTSApp.debug.xcconfig"; path = "Target Support Files/Pods-THLHOSTSApp/Pods-THLHOSTSApp.debug.xcconfig"; sourceTree = "<group>"; };
		0C771D8D786932DA15C802D4 /* Pods-THLHOSTSApp.release.xcconfig */ = {isa = PBXFileReference; includeInIndex = 1; lastKnownFileType = text.xcconfig; name = "Pods-THLHOSTSApp.release.xcconfig"; path = "Target Support Files/Pods-THLHOSTSApp/Pods-THLHOSTSApp.release.xcconfig"; sourceTree = "<group>"; };
		31B84E54A78519BDB19C797B /* Pods-THLHOSTSApp-THLHOSTSNetworkExtension.release.xcconfig */ = {isa = PBXFileReference; includeInIndex = 1; lastKnownFileType = text.xcconfig; name = "Pods-THLHOSTSApp-THLHOSTSNetworkExtension.release.xcconfig"; path = "Target Support Files/Pods-THLHOSTSApp-THLHOSTSNetworkExtension/Pods-THLHOSTSApp-THLHOSTSNetworkExtension.release.xcconfig"; sourceTree = "<group>"; };
		320013430423808B1F3925B7 /* HostsViewModel.swift */ = {isa = PBXFileReference; includeInIndex = 1; lastKnownFileType = sourcecode.swift; path = HostsViewModel.swift; sourceTree = "<group>"; };
		382CA82D2D59D81A00CD627E /* AVFoundation.framework */ = {isa = PBXFileReference; lastKnownFileType = wrapper.framework; name = AVFoundation.framework; path = System/Library/Frameworks/AVFoundation.framework; sourceTree = SDKROOT; };
		3873EC862F3086AD00FE696C /* HostsStorage.swift */ = {isa = PBXFileReference; lastKnownFileType = sourcecode.swift; path = HostsStorage.swift; sourceTree = "<group>"; };
		3873EC882F3086AD00FE696C /* HostsFile.swift */ = {isa = PBXFileReference; lastKnownFileType = sourcecode.swift; path = HostsFile.swift; sourceTree = "<group>"; };
		3873EC8F2F3086EE00FE696C /* Info.plist */ = {isa = PBXFileReference; lastKnownFileType = text.plist.xml; path = Info.plist; sourceTree = "<group>"; };
		3873EC902F3086EE00FE696C /* PacketTunnelProvider.swift */ = {isa = PBXFileReference; lastKnownFileType = sourcecode.swift; path = PacketTunnelProvider.swift; sourceTree = "<group>"; };
		3873ECA62F30A94A00FE696C /* zh-Hans */ = {isa = PBXFileReference; lastKnownFileType = text.plist.strings; name = "zh-Hans"; path = "zh-Hans.lproj/Localizable.strings"; sourceTree = "<group>"; };
		3873ECA72F30A94A00FE696C /* en */ = {isa = PBXFileReference; lastKnownFileType = text.plist.strings; name = en; path = en.lproj/Localizable.strings; sourceTree = "<group>"; };
		3873ECAC2F30A94A00FE696C /* PacketTunnelProvider.swift */ = {isa = PBXFileReference; lastKnownFileType = sourcecode.swift; path = PacketTunnelProvider.swift; sourceTree = "<group>"; };
		3873ECAE2F30A94A00FE696C /* HSBHostsDNSProxyProvider.swift */ = {isa = PBXFileReference; lastKnownFileType = sourcecode.swift; path = HSBHostsDNSProxyProvider.swift; sourceTree = "<group>"; };
		3873ECB02F30A94A00FE696C /* HSBHostsPacketTunnelProvider_Template.swift */ = {isa = PBXFileReference; lastKnownFileType = sourcecode.swift; path = HSBHostsPacketTunnelProvider_Template.swift; sourceTree = "<group>"; };
		3873ED062F3AFFD100FE696C /* Launch.storyboard */ = {isa = PBXFileReference; lastKnownFileType = file.storyboard; path = Launch.storyboard; sourceTree = "<group>"; };
		3873ED152F3B05DD00FE696C /* upload.html */ = {isa = PBXFileReference; lastKnownFileType = text.html; path = upload.html; sourceTree = "<group>"; };
		3873ED182F3B12B300FE696C /* HostsListCell.swift */ = {isa = PBXFileReference; lastKnownFileType = sourcecode.swift; path = HostsListCell.swift; sourceTree = "<group>"; };
		3873ED192F3B12B300FE696C /* HSBLiquidGlassView.swift */ = {isa = PBXFileReference; lastKnownFileType = sourcecode.swift; path = HSBLiquidGlassView.swift; sourceTree = "<group>"; };
		3873ED1F2F3B142900FE696C /* HSBLogger.swift */ = {isa = PBXFileReference; lastKnownFileType = sourcecode.swift; path = HSBLogger.swift; sourceTree = "<group>"; };
		3873ED252F3B22EA00FE696C /* THLHOSTSApp.entitlements */ = {isa = PBXFileReference; lastKnownFileType = text.plist.entitlements; path = THLHOSTSApp.entitlements; sourceTree = "<group>"; };
		38C1162A2F2DA0EA001F800C /* Pods-acknowledgements.plist */ = {isa = PBXFileReference; includeInIndex = 1; lastKnownFileType = text.plist.xml; path = "Pods-acknowledgements.plist"; sourceTree = "<group>"; };
		38C1162C2F2DA0EA001F800C /* Assets.xcassets */ = {isa = PBXFileReference; lastKnownFileType = folder.assetcatalog; path = Assets.xcassets; sourceTree = "<group>"; };
		38C1162E2F2DA0EA001F800C /* Info-iOS.plist */ = {isa = PBXFileReference; lastKnownFileType = text.plist.xml; path = "Info-iOS.plist"; sourceTree = "<group>"; };
		38C1162F2F2DA0EA001F800C /* Launch_tv.storyboard */ = {isa = PBXFileReference; lastKnownFileType = file.storyboard; path = Launch_tv.storyboard; sourceTree = "<group>"; };
		38C116302F2DA0EA001F800C /* main.m */ = {isa = PBXFileReference; lastKnownFileType = sourcecode.c.objc; path = main.m; sourceTree = "<group>"; };
		38C116312F2DA0EA001F800C /* SceneDelegate.h */ = {isa = PBXFileReference; lastKnownFileType = sourcecode.c.h; path = SceneDelegate.h; sourceTree = "<group>"; };
		38C116322F2DA0EA001F800C /* SceneDelegate.m */ = {isa = PBXFileReference; lastKnownFileType = sourcecode.c.objc; path = SceneDelegate.m; sourceTree = "<group>"; };
		38C116332F2DA0EA001F800C /* THLHOSTSApp.pch */ = {isa = PBXFileReference; lastKnownFileType = sourcecode.c.h; path = THLHOSTSApp.pch; sourceTree = "<group>"; };
		38C116342F2DA0EA001F800C /* THLHOSTSApp-Bridging-Header.h */ = {isa = PBXFileReference; lastKnownFileType = sourcecode.c.h; path = "THLHOSTSApp-Bridging-Header.h"; sourceTree = "<group>"; };
		38CBDD5F2FA9A2A700C1FAE9 /* Info-tvos.plist */ = {isa = PBXFileReference; lastKnownFileType = text.plist.xml; path = "Info-tvos.plist"; sourceTree = "<group>"; };
		478EAE1909F7DE4B90C39231 /* HostsViewModel.swift */ = {isa = PBXFileReference; includeInIndex = 1; lastKnownFileType = sourcecode.swift; path = HostsViewModel.swift; sourceTree = "<group>"; };
		4C47B1AB27F6EB1F783F586D /* HostsListView.swift */ = {isa = PBXFileReference; includeInIndex = 1; lastKnownFileType = sourcecode.swift; path = HostsListView.swift; sourceTree = "<group>"; };
		5D0B7EB5F373374F55971E27 /* Foundation.framework */ = {isa = PBXFileReference; lastKnownFileType = wrapper.framework; name = Foundation.framework; path = Platforms/iPhoneOS.platform/Developer/SDKs/iPhoneOS18.0.sdk/System/Library/Frameworks/Foundation.framework; sourceTree = DEVELOPER_DIR; };
		5E3D9136418A6054BB5DAD0D /* HSBHostsManager.swift */ = {isa = PBXFileReference; includeInIndex = 1; lastKnownFileType = sourcecode.swift; path = HSBHostsManager.swift; sourceTree = "<group>"; };
		6066225F93CC673A269CCE47 /* MainView.swift */ = {isa = PBXFileReference; includeInIndex = 1; lastKnownFileType = sourcecode.swift; path = MainView.swift; sourceTree = "<group>"; };
		62BB6DE2EB5ED5E64A85A4F9 /* SettingsIconButton.swift */ = {isa = PBXFileReference; includeInIndex = 1; lastKnownFileType = sourcecode.swift; path = SettingsIconButton.swift; sourceTree = "<group>"; };
		65EFB7A7AE70DE84ECD5FF00 /* Pods-THLHOSTSNetworkExtension.release.xcconfig */ = {isa = PBXFileReference; includeInIndex = 1; lastKnownFileType = text.xcconfig; name = "Pods-THLHOSTSNetworkExtension.release.xcconfig"; path = "Target Support Files/Pods-THLHOSTSNetworkExtension/Pods-THLHOSTSNetworkExtension.release.xcconfig"; sourceTree = "<group>"; };
		69200A1BFDABE129955293E8 /* Pods_THLHOSTSNetworkExtension.framework */ = {isa = PBXFileReference; explicitFileType = wrapper.framework; includeInIndex = 0; path = Pods_THLHOSTSNetworkExtension.framework; sourceTree = BUILT_PRODUCTS_DIR; };
		6A34111091A1B875EE2E3144 /* HostsDetailView.swift */ = {isa = PBXFileReference; includeInIndex = 1; lastKnownFileType = sourcecode.swift; path = HostsDetailView.swift; sourceTree = "<group>"; };
		779972010413BD0974171CB4 /* GlassBackground.swift */ = {isa = PBXFileReference; includeInIndex = 1; lastKnownFileType = sourcecode.swift; path = GlassBackground.swift; sourceTree = "<group>"; };
		7F80F908C2C5BC59F37F5187 /* SettingsView.swift */ = {isa = PBXFileReference; includeInIndex = 1; lastKnownFileType = sourcecode.swift; path = SettingsView.swift; sourceTree = "<group>"; };
		85D776112E188077CCE2EAA2 /* THLHOSTSNetworkExtension.appex */ = {isa = PBXFileReference; explicitFileType = "wrapper.app-extension"; includeInIndex = 0; path = THLHOSTSNetworkExtension.appex; sourceTree = BUILT_PRODUCTS_DIR; };
		925EFA59D13DA18521543296 /* Pods-THLHOSTSApp-THLHOSTSNetworkExtension.debug.xcconfig */ = {isa = PBXFileReference; includeInIndex = 1; lastKnownFileType = text.xcconfig; name = "Pods-THLHOSTSApp-THLHOSTSNetworkExtension.debug.xcconfig"; path = "Target Support Files/Pods-THLHOSTSApp-THLHOSTSNetworkExtension/Pods-THLHOSTSApp-THLHOSTSNetworkExtension.debug.xcconfig"; sourceTree = "<group>"; };
		9675E1FB20855F6500A4A84A /* Foundation.framework */ = {isa = PBXFileReference; lastKnownFileType = wrapper.framework; name = Foundation.framework; path = System/Library/Frameworks/Foundation.framework; sourceTree = SDKROOT; };
		9675E1FE20857AEF00A4A84A /* UIKit.framework */ = {isa = PBXFileReference; lastKnownFileType = wrapper.framework; name = UIKit.framework; path = System/Library/Frameworks/UIKit.framework; sourceTree = SDKROOT; };
		96D5648BAED7A99400375951 /* SettingsView.swift */ = {isa = PBXFileReference; includeInIndex = 1; lastKnownFileType = sourcecode.swift; path = SettingsView.swift; sourceTree = "<group>"; };
		9A0DBD7CD5120CB3F0ED3339 /* Pods_THLHOSTSApp.framework */ = {isa = PBXFileReference; explicitFileType = wrapper.framework; includeInIndex = 0; path = Pods_THLHOSTSApp.framework; sourceTree = BUILT_PRODUCTS_DIR; };
		AA00000000000000HSBLANGMAN /* HSBHostsLanguageManager.swift */ = {isa = PBXFileReference; lastKnownFileType = sourcecode.swift; path = HSBHostsLanguageManager.swift; sourceTree = "<group>"; };
		ADF36B7D9DB17672F1FBD29D /* GlassBackground.swift */ = {isa = PBXFileReference; includeInIndex = 1; lastKnownFileType = sourcecode.swift; path = GlassBackground.swift; sourceTree = "<group>"; };
		B002B8621BAE420500C744AF /* THLHOSTSApp.app */ = {isa = PBXFileReference; explicitFileType = wrapper.application; includeInIndex = 0; path = THLHOSTSApp.app; sourceTree = BUILT_PRODUCTS_DIR; };
		BA39190F76350BCCAA6095F8 /* LogView.swift */ = {isa = PBXFileReference; includeInIndex = 1; lastKnownFileType = sourcecode.swift; path = LogView.swift; sourceTree = "<group>"; };
		BCF9AF3F84CF90EFEEB6063E /* Foundation.framework */ = {isa = PBXFileReference; lastKnownFileType = wrapper.framework; name = Foundation.framework; path = Platforms/AppleTVOS.platform/Developer/SDKs/AppleTVOS18.0.sdk/System/Library/Frameworks/Foundation.framework; sourceTree = DEVELOPER_DIR; };
		C13145612FCF6B6E9E71A7F2 /* Pods-THLHOSTSNetworkExtension.debug.xcconfig */ = {isa = PBXFileReference; includeInIndex = 1; lastKnownFileType = text.xcconfig; name = "Pods-THLHOSTSNetworkExtension.debug.xcconfig"; path = "Target Support Files/Pods-THLHOSTSNetworkExtension/Pods-THLHOSTSNetworkExtension.debug.xcconfig"; sourceTree = "<group>"; };
		CDFBABEADACC19FA16204BDF /* AppColors.swift */ = {isa = PBXFileReference; includeInIndex = 1; lastKnownFileType = sourcecode.swift; path = AppColors.swift; sourceTree = "<group>"; };
		D6C37688ED8384EAAB76DBC0 /* MainView.swift */ = {isa = PBXFileReference; includeInIndex = 1; lastKnownFileType = sourcecode.swift; path = MainView.swift; sourceTree = "<group>"; };
		DA30FE92F03191D32CAFE2D8 /* ThemeManager.swift */ = {isa = PBXFileReference; includeInIndex = 1; lastKnownFileType = sourcecode.swift; path = ThemeManager.swift; sourceTree = "<group>"; };
		EABD0B439230B088D8433822 /* EmptyStateView.swift */ = {isa = PBXFileReference; includeInIndex = 1; lastKnownFileType = sourcecode.swift; path = EmptyStateView.swift; sourceTree = "<group>"; };
		EC0E2730CF0969960DA847EC /* HostsManager.swift */ = {isa = PBXFileReference; includeInIndex = 1; lastKnownFileType = sourcecode.swift; path = HostsManager.swift; sourceTree = "<group>"; };
		F28E4DB07608FA9A58330FED /* HostsDetailView.swift */ = {isa = PBXFileReference; includeInIndex = 1; lastKnownFileType = sourcecode.swift; path = HostsDetailView.swift; sourceTree = "<group>"; };
		FBA348775BC62570F2698C40 /* HostsListView.swift */ = {isa = PBXFileReference; includeInIndex = 1; lastKnownFileType = sourcecode.swift; path = HostsListView.swift; sourceTree = "<group>"; };
		FFF752F695CF809FE6D675BD /* DeviceHelper.swift */ = {isa = PBXFileReference; includeInIndex = 1; lastKnownFileType = sourcecode.swift; path = DeviceHelper.swift; sourceTree = "<group>"; };
/* End PBXFileReference section */

/* Begin PBXFrameworksBuildPhase section */
		B002B85F1BAE420500C744AF /* Frameworks */ = {
			isa = PBXFrameworksBuildPhase;
			buildActionMask = 2147483647;
			files = (
				9675E1FF20857AEF00A4A84A /* UIKit.framework in Frameworks */,
				9675E1FC20855F6500A4A84A /* Foundation.framework in Frameworks */,
				382CA82E2D59D81A00CD627E /* AVFoundation.framework in Frameworks */,
				7E70EB51FC90411E91E46A49 /* Pods_THLHOSTSApp.framework in Frameworks */,
			);
			runOnlyForDeploymentPostprocessing = 0;
		};
		BAC63CF44AB56C6E84714838 /* Frameworks */ = {
			isa = PBXFrameworksBuildPhase;
			buildActionMask = 2147483647;
			files = (
				EC82E83C26A656190CD83F7D /* Foundation.framework in Frameworks */,
				4517E6EED9A4B3C958FF3F42 /* Pods_THLHOSTSNetworkExtension.framework in Frameworks */,
			);
			runOnlyForDeploymentPostprocessing = 0;
		};
/* End PBXFrameworksBuildPhase section */

/* Begin PBXGroup section */
		0084E894922F1CFD086A19C8 /* tvOS */ = {
			isa = PBXGroup;
			children = (
				BCF9AF3F84CF90EFEEB6063E /* Foundation.framework */,
			);
			name = tvOS;
			sourceTree = "<group>";
		};
		24AF88FEB61E7E5E6CE0D34F /* SwiftUI */ = {
			isa = PBXGroup;
			children = (
				D6C37688ED8384EAAB76DBC0 /* MainView.swift */,
				FBA348775BC62570F2698C40 /* HostsListView.swift */,
				6A34111091A1B875EE2E3144 /* HostsDetailView.swift */,
				7F80F908C2C5BC59F37F5187 /* SettingsView.swift */,
				779972010413BD0974171CB4 /* GlassBackground.swift */,
				6066225F93CC673A269CCE47 /* MainView.swift */,
				4C47B1AB27F6EB1F783F586D /* HostsListView.swift */,
				F28E4DB07608FA9A58330FED /* HostsDetailView.swift */,
				96D5648BAED7A99400375951 /* SettingsView.swift */,
				ADF36B7D9DB17672F1FBD29D /* GlassBackground.swift */,
				BA39190F76350BCCAA6095F8 /* LogView.swift */,
				EABD0B439230B088D8433822 /* EmptyStateView.swift */,
			);
			path = SwiftUI;
			sourceTree = "<group>";
		};
		3873EC872F3086AD00FE696C /* Managers */ = {
			isa = PBXGroup;
			children = (
				3873EC862F3086AD00FE696C /* HostsStorage.swift */,
			);
			path = Managers;
			sourceTree = "<group>";
		};
		3873EC892F3086AD00FE696C /* Models */ = {
			isa = PBXGroup;
			children = (
				3873EC882F3086AD00FE696C /* HostsFile.swift */,
				478EAE1909F7DE4B90C39231 /* HostsViewModel.swift */,
				320013430423808B1F3925B7 /* HostsViewModel.swift */,
			);
			path = Models;
			sourceTree = "<group>";
		};
		3873EC912F3086EE00FE696C /* NetworkExtension */ = {
			isa = PBXGroup;
			children = (
				3873EC8F2F3086EE00FE696C /* Info.plist */,
				3873EC902F3086EE00FE696C /* PacketTunnelProvider.swift */,
				EC0E2730CF0969960DA847EC /* HostsManager.swift */,
			);
			path = NetworkExtension;
			sourceTree = "<group>";
		};
		3873ECA92F30A94A00FE696C /* Resources */ = {
			isa = PBXGroup;
			children = (
				3873ED152F3B05DD00FE696C /* upload.html */,
				3873ECA82F30A94A00FE696C /* Localizable.strings */,
			);
			path = Resources;
			sourceTree = "<group>";
		};
		3873ECAD2F30A94A00FE696C /* ExtensionTemplate */ = {
			isa = PBXGroup;
			children = (
				3873ECAC2F30A94A00FE696C /* PacketTunnelProvider.swift */,
			);
			path = ExtensionTemplate;
			sourceTree = "<group>";
		};
		3873ECB22F30A94A00FE696C /* Utils */ = {
			isa = PBXGroup;
			children = (
				3873ED1F2F3B142900FE696C /* HSBLogger.swift */,
				3873ECAD2F30A94A00FE696C /* ExtensionTemplate */,
				3873ECAE2F30A94A00FE696C /* HSBHostsDNSProxyProvider.swift */,
				3873ECB02F30A94A00FE696C /* HSBHostsPacketTunnelProvider_Template.swift */,
				AA00000000000000HSBLANGMAN /* HSBHostsLanguageManager.swift */,
				CDFBABEADACC19FA16204BDF /* AppColors.swift */,
				FFF752F695CF809FE6D675BD /* DeviceHelper.swift */,
				DA30FE92F03191D32CAFE2D8 /* ThemeManager.swift */,
				5E3D9136418A6054BB5DAD0D /* HSBHostsManager.swift */,
			);
			path = Utils;
			sourceTree = "<group>";
		};
		3873ED1A2F3B12B300FE696C /* Views */ = {
			isa = PBXGroup;
			children = (
				3873ED182F3B12B300FE696C /* HostsListCell.swift */,
				3873ED192F3B12B300FE696C /* HSBLiquidGlassView.swift */,
				62BB6DE2EB5ED5E64A85A4F9 /* SettingsIconButton.swift */,
				24AF88FEB61E7E5E6CE0D34F /* SwiftUI */,
			);
			path = Views;
			sourceTree = "<group>";
		};
		38C1162B2F2DA0EA001F800C /* Data */ = {
			isa = PBXGroup;
			children = (
				38C1162A2F2DA0EA001F800C /* Pods-acknowledgements.plist */,
			);
			path = Data;
			sourceTree = "<group>";
		};
		38C116362F2DA0EA001F800C /* THLHOSTSApp */ = {
			isa = PBXGroup;
			children = (
				3873ED1A2F3B12B300FE696C /* Views */,
				3873ECA92F30A94A00FE696C /* Resources */,
				3873ECB22F30A94A00FE696C /* Utils */,
				3873EC912F3086EE00FE696C /* NetworkExtension */,
				3873EC872F3086AD00FE696C /* Managers */,
				3873EC892F3086AD00FE696C /* Models */,
				38C1162B2F2DA0EA001F800C /* Data */,
				38C1162C2F2DA0EA001F800C /* Assets.xcassets */,
				38C1162E2F2DA0EA001F800C /* Info-iOS.plist */,
				38CBDD5F2FA9A2A700C1FAE9 /* Info-tvos.plist */,
				38C1162F2F2DA0EA001F800C /* Launch_tv.storyboard */,
				3873ED062F3AFFD100FE696C /* Launch.storyboard */,
				38C116302F2DA0EA001F800C /* main.m */,
				38C116312F2DA0EA001F800C /* SceneDelegate.h */,
				38C116322F2DA0EA001F800C /* SceneDelegate.m */,
				38C116332F2DA0EA001F800C /* THLHOSTSApp.pch */,
				38C116342F2DA0EA001F800C /* THLHOSTSApp-Bridging-Header.h */,
			);
			path = THLHOSTSApp;
			sourceTree = "<group>";
		};
		435CF7C4135B8C4C47B9BB0E /* Pods */ = {
			isa = PBXGroup;
			children = (
				65EFB7A7AE70DE84ECD5FF00 /* Pods-THLHOSTSNetworkExtension.release.xcconfig */,
				C13145612FCF6B6E9E71A7F2 /* Pods-THLHOSTSNetworkExtension.debug.xcconfig */,
				0425ED73C7E4A5D061537AC1 /* Pods-THLHOSTSApp.debug.xcconfig */,
				0C771D8D786932DA15C802D4 /* Pods-THLHOSTSApp.release.xcconfig */,
				31B84E54A78519BDB19C797B /* Pods-THLHOSTSApp-THLHOSTSNetworkExtension.release.xcconfig */,
				925EFA59D13DA18521543296 /* Pods-THLHOSTSApp-THLHOSTSNetworkExtension.debug.xcconfig */,
			);
			name = Pods;
			path = ../Pods;
			sourceTree = "<group>";
		};
		5E0E898CB06F982861448E1D /* iOS */ = {
			isa = PBXGroup;
			children = (
				5D0B7EB5F373374F55971E27 /* Foundation.framework */,
			);
			name = iOS;
			sourceTree = "<group>";
		};
		9675E1FA20855F6500A4A84A /* Frameworks */ = {
			isa = PBXGroup;
			children = (
				382CA82D2D59D81A00CD627E /* AVFoundation.framework */,
				9675E1FE20857AEF00A4A84A /* UIKit.framework */,
				9675E1FB20855F6500A4A84A /* Foundation.framework */,
				9A0DBD7CD5120CB3F0ED3339 /* Pods_THLHOSTSApp.framework */,
				0084E894922F1CFD086A19C8 /* tvOS */,
				5E0E898CB06F982861448E1D /* iOS */,
				69200A1BFDABE129955293E8 /* Pods_THLHOSTSNetworkExtension.framework */,
			);
			name = Frameworks;
			sourceTree = "<group>";
		};
		B002B8591BAE420500C744AF = {
			isa = PBXGroup;
			children = (
				3873ED252F3B22EA00FE696C /* THLHOSTSApp.entitlements */,
				38C116362F2DA0EA001F800C /* THLHOSTSApp */,
				B002B8631BAE420500C744AF /* Products */,
				9675E1FA20855F6500A4A84A /* Frameworks */,
				435CF7C4135B8C4C47B9BB0E /* Pods */,
			);
			sourceTree = "<group>";
		};
		B002B8631BAE420500C744AF /* Products */ = {
			isa = PBXGroup;
			children = (
				B002B8621BAE420500C744AF /* THLHOSTSApp.app */,
				85D776112E188077CCE2EAA2 /* THLHOSTSNetworkExtension.appex */,
			);
			name = Products;
			sourceTree = "<group>";
		};
/* End PBXGroup section */

/* Begin PBXNativeTarget section */
		1468A3F9A868B54C83E93BFF /* THLHOSTSNetworkExtension */ = {
			isa = PBXNativeTarget;
			buildConfigurationList = 3517EAFD6823643E6205A195 /* Build configuration list for PBXNativeTarget "THLHOSTSNetworkExtension" */;
			buildPhases = (
				C3B67987C1F522A49AA8104E /* [CP] Check Pods Manifest.lock */,
				CF268875FAACFAC76C07A572 /* Sources */,
				BAC63CF44AB56C6E84714838 /* Frameworks */,
				91499D5A5A550DC603B034B3 /* Resources */,
			);
			buildRules = (
			);
			dependencies = (
			);
			name = THLHOSTSNetworkExtension;
			productName = THLHOSTSNetworkExtension;
			productReference = 85D776112E188077CCE2EAA2 /* THLHOSTSNetworkExtension.appex */;
			productType = "com.apple.product-type.app-extension";
		};
		B002B8611BAE420500C744AF /* THLHOSTSApp */ = {
			isa = PBXNativeTarget;
			buildConfigurationList = B002B8761BAE420500C744AF /* Build configuration list for PBXNativeTarget "THLHOSTSApp" */;
			buildPhases = (
				3D5209B01E2CCCDC079B9242 /* [CP] Check Pods Manifest.lock */,
				38E422962D0AEB910075BBC2 /* Modity buildNumber */,
				B002B85E1BAE420500C744AF /* Sources */,
				B002B85F1BAE420500C744AF /* Frameworks */,
				B002B8601BAE420500C744AF /* Resources */,
				9693F8451BF5A99E00077BAB /* ShellScript */,
				384E1A3B2E767E1C00B41380 /* Embed Frameworks */,
				1E563A298F07CFBB03C4A167 /* [CP] Embed Pods Frameworks */,
				38CBD9802FA4355D00C1FAE9 /* Embed Foundation Extensions */,
			);
			buildRules = (
			);
			dependencies = (
				38CBD97F2FA4355D00C1FAE9 /* PBXTargetDependency */,
			);
			name = THLHOSTSApp;
			productName = Browser;
			productReference = B002B8621BAE420500C744AF /* THLHOSTSApp.app */;
			productType = "com.apple.product-type.application";
		};
/* End PBXNativeTarget section */

/* Begin PBXProject section */
		B002B85A1BAE420500C744AF /* Project object */ = {
			isa = PBXProject;
			attributes = {
				LastUpgradeCheck = 1420;
				ORGANIZATIONNAME = myit2017;
				TargetAttributes = {
					1468A3F9A868B54C83E93BFF = {
						CreatedOnToolsVersion = 7.1;
						DevelopmentTeam = 876385K952;
						ProvisioningStyle = Manual;
					};
					B002B8611BAE420500C744AF = {
						CreatedOnToolsVersion = 7.1;
						DevelopmentTeam = 876385K952;
						LastSwiftMigration = 1640;
						ProvisioningStyle = Manual;
					};
				};
			};
			buildConfigurationList = B002B85D1BAE420500C744AF /* Build configuration list for PBXProject "THLHOSTSApp" */;
			compatibilityVersion = "Xcode 3.2";
			developmentRegion = "zh-Hans";
			hasScannedForEncodings = 0;
			knownRegions = (
				en,
				"zh-Hans",
			);
			mainGroup = B002B8591BAE420500C744AF;
			productRefGroup = B002B8631BAE420500C744AF /* Products */;
			projectDirPath = "";
			projectRoot = "";
			targets = (
				B002B8611BAE420500C744AF /* THLHOSTSApp */,
				1468A3F9A868B54C83E93BFF /* THLHOSTSNetworkExtension */,
			);
		};
/* End PBXProject section */

/* Begin PBXResourcesBuildPhase section */
		91499D5A5A550DC603B034B3 /* Resources */ = {
			isa = PBXResourcesBuildPhase;
			buildActionMask = 2147483647;
			files = (
			);
			runOnlyForDeploymentPostprocessing = 0;
		};
		B002B8601BAE420500C744AF /* Resources */ = {
			isa = PBXResourcesBuildPhase;
			buildActionMask = 2147483647;
			files = (
				38C116372F2DA0EA001F800C /* Launch_tv.storyboard in Resources */,
				3873ED172F3B05DD00FE696C /* upload.html in Resources */,
				3873ECBA2F30A94A00FE696C /* Localizable.strings in Resources */,
				38C1163A2F2DA0EA001F800C /* Assets.xcassets in Resources */,
				38C1163B2F2DA0EA001F800C /* Pods-acknowledgements.plist in Resources */,
				38CBDA4B2FA4390400C1FAE9 /* Launch.storyboard in Resources */,
			);
			runOnlyForDeploymentPostprocessing = 0;
		};
/* End PBXResourcesBuildPhase section */

/* Begin PBXShellScriptBuildPhase section */
		1E563A298F07CFBB03C4A167 /* [CP] Embed Pods Frameworks */ = {
			isa = PBXShellScriptBuildPhase;
			buildActionMask = 2147483647;
			files = (
			);
			inputPaths = (
				"${PODS_ROOT}/Target Support Files/Pods-THLHOSTSApp/Pods-THLHOSTSApp-frameworks.sh",
				"${BUILT_PRODUCTS_DIR}/Masonry/Masonry.framework",
				"${BUILT_PRODUCTS_DIR}/SnapKit/SnapKit.framework",
				"${BUILT_PRODUCTS_DIR}/Swifter/Swifter.framework",
			);
			name = "[CP] Embed Pods Frameworks";
			outputPaths = (
				"${TARGET_BUILD_DIR}/${FRAMEWORKS_FOLDER_PATH}/Masonry.framework",
				"${TARGET_BUILD_DIR}/${FRAMEWORKS_FOLDER_PATH}/SnapKit.framework",
				"${TARGET_BUILD_DIR}/${FRAMEWORKS_FOLDER_PATH}/Swifter.framework",
			);
			runOnlyForDeploymentPostprocessing = 0;
			shellPath = /bin/sh;
			shellScript = "\"${PODS_ROOT}/Target Support Files/Pods-THLHOSTSApp/Pods-THLHOSTSApp-frameworks.sh\"\n";
			showEnvVarsInLog = 0;
		};
		38E422962D0AEB910075BBC2 /* Modity buildNumber */ = {
			isa = PBXShellScriptBuildPhase;
			buildActionMask = 2147483647;
			files = (
			);
			inputFileListPaths = (
			);
			inputPaths = (
			);
			name = "Modity buildNumber";
			outputFileListPaths = (
			);
			outputPaths = (
			);
			runOnlyForDeploymentPostprocessing = 0;
			shellPath = /bin/sh;
			shellScript = "# Type a script or drag a script file from your workspace to insert its path.\n#!/bin/bash\nif [ $CONFIGURATION == Release ]; then\necho \"Bumping build number...\"\nbuildNumber=$(date +%Y%m%d%H%M%S)\n/usr/libexec/PlistBuddy -c \"Set :CFBundleVersion $buildNumber\" \"$INFOPLIST_FILE\"\nelse\necho $CONFIGURATION \" build - Not bumping build number.\"\nfi\n";
		};
		3D5209B01E2CCCDC079B9242 /* [CP] Check Pods Manifest.lock */ = {
			isa = PBXShellScriptBuildPhase;
			buildActionMask = 2147483647;
			files = (
			);
			inputFileListPaths = (
			);
			inputPaths = (
				"${PODS_PODFILE_DIR_PATH}/Podfile.lock",
				"${PODS_ROOT}/Manifest.lock",
			);
			name = "[CP] Check Pods Manifest.lock";
			outputFileListPaths = (
			);
			outputPaths = (
				"$(DERIVED_FILE_DIR)/Pods-THLHOSTSApp-checkManifestLockResult.txt",
			);
			runOnlyForDeploymentPostprocessing = 0;
			shellPath = /bin/sh;
			shellScript = "diff \"${PODS_PODFILE_DIR_PATH}/Podfile.lock\" \"${PODS_ROOT}/Manifest.lock\" > /dev/null\nif [ $? != 0 ] ; then\n    # print error to STDERR\n    echo \"error: The sandbox is not in sync with the Podfile.lock. Run 'pod install' or update your CocoaPods installation.\" >&2\n    exit 1\nfi\n# This output is used by Xcode 'outputs' to avoid re-running this script phase.\necho \"SUCCESS\" > \"${SCRIPT_OUTPUT_FILE_0}\"\n";
			showEnvVarsInLog = 0;
		};
		9693F8451BF5A99E00077BAB /* ShellScript */ = {
			isa = PBXShellScriptBuildPhase;
			buildActionMask = 8;
			files = (
			);
			inputPaths = (
			);
			outputPaths = (
			);
			runOnlyForDeploymentPostprocessing = 1;
			shellPath = /bin/sh;
			shellScript = "buildNumber=$(/usr/libexec/PlistBuddy -c \"Print CFBundleVersion\" \"${PROJECT_DIR}/${INFOPLIST_FILE}\")\nbuildNumber=$(($buildNumber + 1))\n/usr/libexec/PlistBuddy -c \"Set :CFBundleVersion $buildNumber\" \"${PROJECT_DIR}/${INFOPLIST_FILE}\"\n";
		};
		C3B67987C1F522A49AA8104E /* [CP] Check Pods Manifest.lock */ = {
			isa = PBXShellScriptBuildPhase;
			buildActionMask = 2147483647;
			files = (
			);
			inputFileListPaths = (
			);
			inputPaths = (
				"${PODS_PODFILE_DIR_PATH}/Podfile.lock",
				"${PODS_ROOT}/Manifest.lock",
			);
			name = "[CP] Check Pods Manifest.lock";
			outputFileListPaths = (
			);
			outputPaths = (
				"$(DERIVED_FILE_DIR)/Pods-THLHOSTSNetworkExtension-checkManifestLockResult.txt",
			);
			runOnlyForDeploymentPostprocessing = 0;
			shellPath = /bin/sh;
			shellScript = "diff \"${PODS_PODFILE_DIR_PATH}/Podfile.lock\" \"${PODS_ROOT}/Manifest.lock\" > /dev/null\nif [ $? != 0 ] ; then\n    # print error to STDERR\n    echo \"error: The sandbox is not in sync with the Podfile.lock. Run 'pod install' or update your CocoaPods installation.\" >&2\n    exit 1\nfi\n# This output is used by Xcode 'outputs' to avoid re-running this script phase.\necho \"SUCCESS\" > \"${SCRIPT_OUTPUT_FILE_0}\"\n";
			showEnvVarsInLog = 0;
		};
/* End PBXShellScriptBuildPhase section */

/* Begin PBXSourcesBuildPhase section */
		B002B85E1BAE420500C744AF /* Sources */ = {
			isa = PBXSourcesBuildPhase;
			buildActionMask = 2147483647;
			files = (
				AA0000000000000HSBLANGBD /* HSBHostsLanguageManager.swift in Sources */,
				3873ED212F3B142900FE696C /* HSBLogger.swift in Sources */,
				38C1163C2F2DA0EA001F800C /* main.m in Sources */,
				3873EC952F3086EE00FE696C /* PacketTunnelProvider.swift in Sources */,
				3873ED1B2F3B12B300FE696C /* HostsListCell.swift in Sources */,
				3873ED1C2F3B12B300FE696C /* HSBLiquidGlassView.swift in Sources */,
				38C1163D2F2DA0EA001F800C /* SceneDelegate.m in Sources */,
				3873EC8A2F3086AD00FE696C /* HostsStorage.swift in Sources */,
				3873EC8B2F3086AD00FE696C /* HostsFile.swift in Sources */,
				6E66AAA3B63F41F2545123EF /* AppColors.swift in Sources */,
				804B9A4EC385B38115E68122 /* DeviceHelper.swift in Sources */,
				52A208A7AE4124C4A86B1A65 /* ThemeManager.swift in Sources */,
				DEB0BA2D9669687C486D4D41 /* SettingsIconButton.swift in Sources */,
				17C1E6FA44A7D807F212F72A /* MainView.swift in Sources */,
				22B4EA0152C2C9106E0EF22A /* HostsListView.swift in Sources */,
				48B29680A93E50B735606037 /* HostsDetailView.swift in Sources */,
				9825049CA0299A3F9AB40C75 /* SettingsView.swift in Sources */,
				224DF4D1BDA6DCDE0701B680 /* GlassBackground.swift in Sources */,
				56B45EE09A4A793E9F7CEE43 /* HostsViewModel.swift in Sources */,
				55180A7E658328CC6BD14994 /* MainView.swift in Sources */,
				5F3ECEADDAA736D6A7A01BBF /* HostsListView.swift in Sources */,
				2F367B716DAEE373AD167284 /* HostsDetailView.swift in Sources */,
				BF5382B843BF90EBB4377F01 /* SettingsView.swift in Sources */,
				B33A877F22DD2D4971857846 /* GlassBackground.swift in Sources */,
				332B78FDEB28FA7817B000A9 /* HostsViewModel.swift in Sources */,
				03993B26CB7A74A0D0F03988 /* LogView.swift in Sources */,
				D4DF6F6D334F1BC2600BD1C1 /* EmptyStateView.swift in Sources */,
				09E192A123024827FEDADD3D /* HostsManager.swift in Sources */,
				B35DCFE1400DA43B90773716 /* HSBHostsManager.swift in Sources */,
			);
			runOnlyForDeploymentPostprocessing = 0;
		};
		CF268875FAACFAC76C07A572 /* Sources */ = {
			isa = PBXSourcesBuildPhase;
			buildActionMask = 2147483647;
			files = (
				3873EC982F3086EE00FE696C /* PacketTunnelProvider.swift in Sources */,
				BB9BE09CCE585FF050181593 /* HostsManager.swift in Sources */,
			);
			runOnlyForDeploymentPostprocessing = 0;
		};
/* End PBXSourcesBuildPhase section */

/* Begin PBXTargetDependency section */
		38CBD97F2FA4355D00C1FAE9 /* PBXTargetDependency */ = {
			isa = PBXTargetDependency;
			platformFilters = (
				ios,
				tvos,
			);
			target = 1468A3F9A868B54C83E93BFF /* THLHOSTSNetworkExtension */;
			targetProxy = 38CBD97E2FA4355D00C1FAE9 /* PBXContainerItemProxy */;
		};
/* End PBXTargetDependency section */

/* Begin PBXVariantGroup section */
		3873ECA82F30A94A00FE696C /* Localizable.strings */ = {
			isa = PBXVariantGroup;
			children = (
				3873ECA62F30A94A00FE696C /* zh-Hans */,
				3873ECA72F30A94A00FE696C /* en */,
			);
			name = Localizable.strings;
			sourceTree = "<group>";
		};
/* End PBXVariantGroup section */

/* Begin XCBuildConfiguration section */
		4D8C94C23CC2A20ABD083C23 /* Debug */ = {
			isa = XCBuildConfiguration;
			baseConfigurationReference = C13145612FCF6B6E9E71A7F2 /* Pods-THLHOSTSNetworkExtension.debug.xcconfig */;
			buildSettings = {
				CODE_SIGN_ENTITLEMENTS = THLHOSTSApp/NetworkExtension/THLHOSTSNetworkExtension.entitlements;
				CODE_SIGN_IDENTITY = "Apple Development";
				"CODE_SIGN_IDENTITY[sdk=iphoneos*]" = "Apple Development";
				CODE_SIGN_STYLE = Manual;
				DEVELOPMENT_TEAM = "";
				"DEVELOPMENT_TEAM[sdk=appletvos*]" = 876385K952;
				"DEVELOPMENT_TEAM[sdk=iphoneos*]" = 876385K952;
				INFOPLIST_FILE = THLHOSTSApp/NetworkExtension/Info.plist;
				PRODUCT_BUNDLE_IDENTIFIER = com.never88gone.thlhosts.extension;
				PRODUCT_NAME = THLHOSTSNetworkExtension;
				PROVISIONING_PROFILE_SPECIFIER = "";
				"PROVISIONING_PROFILE_SPECIFIER[sdk=appletvos*]" = thlhosts_extension_tvos_dev;
				"PROVISIONING_PROFILE_SPECIFIER[sdk=iphoneos*]" = thlhosts_extension_iOS_dev;
				SUPPORTED_PLATFORMS = "appletvos appletvsimulator iphoneos iphonesimulator";
				SUPPORTS_MACCATALYST = NO;
				SUPPORTS_XR_DESIGNED_FOR_IPHONE_IPAD = NO;
				SWIFT_VERSION = 4.2;
				TARGETED_DEVICE_FAMILY = "1,2,3";
			};
			name = Debug;
		};
		81D2230A86AB75AE9BDE53ED /* Release */ = {
			isa = XCBuildConfiguration;
			baseConfigurationReference = 65EFB7A7AE70DE84ECD5FF00 /* Pods-THLHOSTSNetworkExtension.release.xcconfig */;
			buildSettings = {
				CODE_SIGN_ENTITLEMENTS = THLHOSTSApp/NetworkExtension/THLHOSTSNetworkExtension.entitlements;
				CODE_SIGN_IDENTITY = "Apple Distribution";
				"CODE_SIGN_IDENTITY[sdk=iphoneos*]" = "Apple Distribution";
				CODE_SIGN_STYLE = Manual;
				DEVELOPMENT_TEAM = "";
				"DEVELOPMENT_TEAM[sdk=appletvos*]" = 876385K952;
				"DEVELOPMENT_TEAM[sdk=iphoneos*]" = 876385K952;
				INFOPLIST_FILE = THLHOSTSApp/NetworkExtension/Info.plist;
				PRODUCT_BUNDLE_IDENTIFIER = com.never88gone.thlhosts.extension;
				PRODUCT_NAME = THLHOSTSNetworkExtension;
				PROVISIONING_PROFILE_SPECIFIER = "";
				"PROVISIONING_PROFILE_SPECIFIER[sdk=appletvos*]" = thlhosts_extension_tvos_dis;
				"PROVISIONING_PROFILE_SPECIFIER[sdk=iphoneos*]" = thlhosts_extension_iOS_dis;
				SUPPORTED_PLATFORMS = "appletvos appletvsimulator iphoneos iphonesimulator";
				SUPPORTS_MACCATALYST = NO;
				SUPPORTS_XR_DESIGNED_FOR_IPHONE_IPAD = NO;
				SWIFT_VERSION = 4.2;
				TARGETED_DEVICE_FAMILY = "1,2,3";
				VALIDATE_PRODUCT = YES;
			};
			name = Release;
		};
		B002B8741BAE420500C744AF /* Debug */ = {
			isa = XCBuildConfiguration;
			buildSettings = {
				ALWAYS_SEARCH_USER_PATHS = NO;
				CLANG_ANALYZER_LOCALIZABILITY_NONLOCALIZED = YES;
				CLANG_CXX_LANGUAGE_STANDARD = "gnu++0x";
				CLANG_CXX_LIBRARY = "libc++";
				CLANG_ENABLE_MODULES = YES;
				CLANG_ENABLE_OBJC_ARC = YES;
				CLANG_WARN_BLOCK_CAPTURE_AUTORELEASING = YES;
				CLANG_WARN_BOOL_CONVERSION = YES;
				CLANG_WARN_COMMA = YES;
				CLANG_WARN_CONSTANT_CONVERSION = YES;
				CLANG_WARN_DEPRECATED_OBJC_IMPLEMENTATIONS = YES;
				CLANG_WARN_DIRECT_OBJC_ISA_USAGE = YES_ERROR;
				CLANG_WARN_EMPTY_BODY = YES;
				CLANG_WARN_ENUM_CONVERSION = YES;
				CLANG_WARN_INFINITE_RECURSION = YES;
				CLANG_WARN_INT_CONVERSION = YES;
				CLANG_WARN_NON_LITERAL_NULL_CONVERSION = YES;
				CLANG_WARN_OBJC_IMPLICIT_RETAIN_SELF = YES;
				CLANG_WARN_OBJC_LITERAL_CONVERSION = YES;
				CLANG_WARN_OBJC_ROOT_CLASS = YES_ERROR;
				CLANG_WARN_QUOTED_INCLUDE_IN_FRAMEWORK_HEADER = YES;
				CLANG_WARN_RANGE_LOOP_ANALYSIS = YES;
				CLANG_WARN_STRICT_PROTOTYPES = YES;
				CLANG_WARN_SUSPICIOUS_MOVE = YES;
				CLANG_WARN_UNREACHABLE_CODE = YES;
				CLANG_WARN__DUPLICATE_METHOD_MATCH = YES;
				COPY_PHASE_STRIP = NO;
				DEBUG_INFORMATION_FORMAT = dwarf;
				ENABLE_STRICT_OBJC_MSGSEND = YES;
				ENABLE_TESTABILITY = YES;
				GCC_C_LANGUAGE_STANDARD = gnu99;
				GCC_DYNAMIC_NO_PIC = NO;
				GCC_NO_COMMON_BLOCKS = YES;
				GCC_OPTIMIZATION_LEVEL = 0;
				GCC_PREPROCESSOR_DEFINITIONS = (
					"DEBUG=1",
					"$(inherited)",
				);
				GCC_WARN_64_TO_32_BIT_CONVERSION = YES;
				GCC_WARN_ABOUT_RETURN_TYPE = YES_ERROR;
				GCC_WARN_UNDECLARED_SELECTOR = YES;
				GCC_WARN_UNINITIALIZED_AUTOS = YES_AGGRESSIVE;
				GCC_WARN_UNUSED_FUNCTION = YES;
				GCC_WARN_UNUSED_VARIABLE = YES;
				INFOPLIST_KEY_NSHumanReadableCopyright = never88gone;
				MTL_ENABLE_DEBUG_INFO = YES;
				ONLY_ACTIVE_ARCH = YES;
				SDKROOT = appletvos;
				TARGETED_DEVICE_FAMILY = 3;
				TVOS_DEPLOYMENT_TARGET = 17.0;
			};
			name = Debug;
		};
		B002B8751BAE420500C744AF /* Release */ = {
			isa = XCBuildConfiguration;
			buildSettings = {
				ALWAYS_SEARCH_USER_PATHS = NO;
				CLANG_ANALYZER_LOCALIZABILITY_NONLOCALIZED = YES;
				CLANG_CXX_LANGUAGE_STANDARD = "gnu++0x";
				CLANG_CXX_LIBRARY = "libc++";
				CLANG_ENABLE_MODULES = YES;
				CLANG_ENABLE_OBJC_ARC = YES;
				CLANG_WARN_BLOCK_CAPTURE_AUTORELEASING = YES;
				CLANG_WARN_BOOL_CONVERSION = YES;
				CLANG_WARN_COMMA = YES;
				CLANG_WARN_CONSTANT_CONVERSION = YES;
				CLANG_WARN_DEPRECATED_OBJC_IMPLEMENTATIONS = YES;
				CLANG_WARN_DIRECT_OBJC_ISA_USAGE = YES_ERROR;
				CLANG_WARN_EMPTY_BODY = YES;
				CLANG_WARN_ENUM_CONVERSION = YES;
				CLANG_WARN_INFINITE_RECURSION = YES;
				CLANG_WARN_INT_CONVERSION = YES;
				CLANG_WARN_NON_LITERAL_NULL_CONVERSION = YES;
				CLANG_WARN_OBJC_IMPLICIT_RETAIN_SELF = YES;
				CLANG_WARN_OBJC_LITERAL_CONVERSION = YES;
				CLANG_WARN_OBJC_ROOT_CLASS = YES_ERROR;
				CLANG_WARN_QUOTED_INCLUDE_IN_FRAMEWORK_HEADER = YES;
				CLANG_WARN_RANGE_LOOP_ANALYSIS = YES;
				CLANG_WARN_STRICT_PROTOTYPES = YES;
				CLANG_WARN_SUSPICIOUS_MOVE = YES;
				CLANG_WARN_UNREACHABLE_CODE = YES;
				CLANG_WARN__DUPLICATE_METHOD_MATCH = YES;
				COPY_PHASE_STRIP = NO;
				DEBUG_INFORMATION_FORMAT = "dwarf-with-dsym";
				ENABLE_NS_ASSERTIONS = NO;
				ENABLE_STRICT_OBJC_MSGSEND = YES;
				GCC_C_LANGUAGE_STANDARD = gnu99;
				GCC_NO_COMMON_BLOCKS = YES;
				GCC_WARN_64_TO_32_BIT_CONVERSION = YES;
				GCC_WARN_ABOUT_RETURN_TYPE = YES_ERROR;
				GCC_WARN_UNDECLARED_SELECTOR = YES;
				GCC_WARN_UNINITIALIZED_AUTOS = YES_AGGRESSIVE;
				GCC_WARN_UNUSED_FUNCTION = YES;
				GCC_WARN_UNUSED_VARIABLE = YES;
				INFOPLIST_KEY_NSHumanReadableCopyright = never88gone;
				MTL_ENABLE_DEBUG_INFO = NO;
				SDKROOT = appletvos;
				TARGETED_DEVICE_FAMILY = 3;
				TVOS_DEPLOYMENT_TARGET = 17.0;
				VALIDATE_PRODUCT = YES;
			};
			name = Release;
		};
		B002B8771BAE420500C744AF /* Debug */ = {
			isa = XCBuildConfiguration;
			baseConfigurationReference = 0425ED73C7E4A5D061537AC1 /* Pods-THLHOSTSApp.debug.xcconfig */;
			buildSettings = {
				ALWAYS_SEARCH_USER_PATHS = NO;
				ASSETCATALOG_COMPILER_APPICON_NAME = "App Icon";
				ASSETCATALOG_COMPILER_INCLUDE_ALL_APPICON_ASSETS = YES;
				ASSETCATALOG_COMPILER_LAUNCHIMAGE_NAME = "";
				CLANG_ENABLE_MODULES = YES;
				CODE_SIGN_ENTITLEMENTS = THLHOSTSApp.entitlements;
				CODE_SIGN_IDENTITY = "Apple Development: zhao xiangfeng (37GMBVP6GL)";
				"CODE_SIGN_IDENTITY[sdk=appletvos*]" = "Apple Development: zhao xiangfeng (37GMBVP6GL)";
				CODE_SIGN_STYLE = Manual;
				CURRENT_PROJECT_VERSION = 20250506175356;
				DEVELOPMENT_TEAM = 876385K952;
				"DEVELOPMENT_TEAM[sdk=appletvos*]" = 876385K952;
				"DEVELOPMENT_TEAM[sdk=iphoneos*]" = 876385K952;
				"DEVELOPMENT_TEAM[sdk=macosx*]" = 876385K952;
				EMBED_ASSET_PACKS_IN_PRODUCT_BUNDLE = YES;
				ENABLE_APP_SANDBOX = YES;
				ENABLE_INCOMING_NETWORK_CONNECTIONS = NO;
				ENABLE_ON_DEMAND_RESOURCES = NO;
				ENABLE_OUTGOING_NETWORK_CONNECTIONS = NO;
				ENABLE_RESOURCE_ACCESS_AUDIO_INPUT = NO;
				ENABLE_RESOURCE_ACCESS_BLUETOOTH = NO;
				ENABLE_RESOURCE_ACCESS_CALENDARS = NO;
				ENABLE_RESOURCE_ACCESS_CAMERA = NO;
				ENABLE_RESOURCE_ACCESS_CONTACTS = NO;
				ENABLE_RESOURCE_ACCESS_LOCATION = NO;
				ENABLE_RESOURCE_ACCESS_PRINTING = NO;
				ENABLE_RESOURCE_ACCESS_USB = NO;
				FRAMEWORK_SEARCH_PATHS = (
					"$(inherited)",
					"$(PROJECT_DIR)",
				);
				GCC_PREFIX_HEADER = "";
				HEADER_SEARCH_PATHS = (
					"$(inherited)",
					"\"${PODS_CONFIGURATION_BUILD_DIR}/Masonry-tvOS/Masonry.framework/Headers\"",
				);
				INFOPLIST_FILE = "";
				"INFOPLIST_FILE[sdk=appletv*]" = "THLHOSTSApp/Info-tvos.plist";
				"INFOPLIST_FILE[sdk=iphone*]" = "THLHOSTSApp/Info-iOS.plist";
				"INFOPLIST_FILE[sdk=macosx*]" = "THLHOSTSApp/Info-iOS.plist";
				INFOPLIST_KEY_CFBundleDisplayName = "";
				INFOPLIST_KEY_LSApplicationCategoryType = "public.app-category.utilities";
				LD_RUNPATH_SEARCH_PATHS = (
					"$(inherited)",
					"@executable_path/Frameworks",
				);
				MARKETING_VERSION = 1.0.1;
				OTHER_CFLAGS = "";
				OTHER_LDFLAGS = (
					"$(inherited)",
					"-framework",
					"\"Foundation\"",
					"-framework",
					"\"ImageIO\"",
					"-framework",
					"\"Masonry\"",
					"-framework",
					"\"UIKit\"",
				);
				PRODUCT_BUNDLE_IDENTIFIER = com.never88gone.thlhosts;
				PRODUCT_NAME = "$(TARGET_NAME)";
				PROVISIONING_PROFILE_SPECIFIER = hulugetvbox_dev;
				"PROVISIONING_PROFILE_SPECIFIER[sdk=appletvos*]" = thlhostsTV_dev;
				"PROVISIONING_PROFILE_SPECIFIER[sdk=iphoneos*]" = thlhostsiOS_dev;
				"PROVISIONING_PROFILE_SPECIFIER[sdk=macosx*]" = thlhostsiOS_dev;
				SCAN_ALL_SOURCE_FILES_FOR_INCLUDES = NO;
				SUPPORTED_PLATFORMS = "appletvos appletvsimulator iphoneos iphonesimulator";
				SUPPORTS_MACCATALYST = NO;
				SUPPORTS_MAC_DESIGNED_FOR_IPHONE_IPAD = YES;
				SWIFT_OBJC_BRIDGING_HEADER = "THLHOSTSApp/THLHOSTSApp-Bridging-Header.h";
				SWIFT_OPTIMIZATION_LEVEL = "-Onone";
				SWIFT_VERSION = 4.2;
				TARGETED_DEVICE_FAMILY = "1,2,3";
				TVOS_DEPLOYMENT_TARGET = 17.0;
			};
			name = Debug;
		};
		B002B8781BAE420500C744AF /* Release */ = {
			isa = XCBuildConfiguration;
			baseConfigurationReference = 0C771D8D786932DA15C802D4 /* Pods-THLHOSTSApp.release.xcconfig */;
			buildSettings = {
				ALWAYS_SEARCH_USER_PATHS = NO;
				ASSETCATALOG_COMPILER_APPICON_NAME = "App Icon";
				ASSETCATALOG_COMPILER_INCLUDE_ALL_APPICON_ASSETS = YES;
				ASSETCATALOG_COMPILER_LAUNCHIMAGE_NAME = "";
				CLANG_ENABLE_MODULES = YES;
				CODE_SIGN_ENTITLEMENTS = THLHOSTSApp.entitlements;
				CODE_SIGN_IDENTITY = "Apple Distribution: zhao xiangfeng (876385K952)";
				"CODE_SIGN_IDENTITY[sdk=appletvos*]" = "Apple Distribution: zhao xiangfeng (876385K952)";
				CODE_SIGN_STYLE = Manual;
				CURRENT_PROJECT_VERSION = 20250506175356;
				DEVELOPMENT_TEAM = 876385K952;
				"DEVELOPMENT_TEAM[sdk=appletvos*]" = 876385K952;
				"DEVELOPMENT_TEAM[sdk=iphoneos*]" = 876385K952;
				EMBED_ASSET_PACKS_IN_PRODUCT_BUNDLE = YES;
				ENABLE_APP_SANDBOX = YES;
				ENABLE_INCOMING_NETWORK_CONNECTIONS = NO;
				ENABLE_ON_DEMAND_RESOURCES = NO;
				ENABLE_OUTGOING_NETWORK_CONNECTIONS = NO;
				ENABLE_RESOURCE_ACCESS_AUDIO_INPUT = NO;
				ENABLE_RESOURCE_ACCESS_BLUETOOTH = NO;
				ENABLE_RESOURCE_ACCESS_CALENDARS = NO;
				ENABLE_RESOURCE_ACCESS_CAMERA = NO;
				ENABLE_RESOURCE_ACCESS_CONTACTS = NO;
				ENABLE_RESOURCE_ACCESS_LOCATION = NO;
				ENABLE_RESOURCE_ACCESS_PRINTING = NO;
				ENABLE_RESOURCE_ACCESS_USB = NO;
				FRAMEWORK_SEARCH_PATHS = (
					"$(inherited)",
					"$(PROJECT_DIR)",
				);
				GCC_PREFIX_HEADER = "";
				HEADER_SEARCH_PATHS = (
					"$(inherited)",
					"\"${PODS_CONFIGURATION_BUILD_DIR}/Masonry-tvOS/Masonry.framework/Headers\"",
				);
				INFOPLIST_FILE = "";
				"INFOPLIST_FILE[sdk=appletv*]" = "THLHOSTSApp/Info-tvos.plist";
				"INFOPLIST_FILE[sdk=iphone*]" = "THLHOSTSApp/Info-iOS.plist";
				"INFOPLIST_FILE[sdk=macosx*]" = "THLHOSTSApp/Info-iOS.plist";
				INFOPLIST_KEY_CFBundleDisplayName = "";
				INFOPLIST_KEY_LSApplicationCategoryType = "public.app-category.utilities";
				LD_RUNPATH_SEARCH_PATHS = (
					"$(inherited)",
					"@executable_path/Frameworks",
				);
				MARKETING_VERSION = 1.0.1;
				OTHER_CFLAGS = "";
				OTHER_LDFLAGS = (
					"$(inherited)",
					"-framework",
					"\"Foundation\"",
					"-framework",
					"\"ImageIO\"",
					"-framework",
					"\"Masonry\"",
					"-framework",
					"\"UIKit\"",
				);
				PRODUCT_BUNDLE_IDENTIFIER = com.never88gone.thlhosts;
				PRODUCT_NAME = "$(TARGET_NAME)";
				PROVISIONING_PROFILE_SPECIFIER = hulugetvbox_dis;
				"PROVISIONING_PROFILE_SPECIFIER[sdk=appletvos*]" = thlhostsTV_dis;
				"PROVISIONING_PROFILE_SPECIFIER[sdk=iphoneos*]" = thlhostsiOS_dis;
				SCAN_ALL_SOURCE_FILES_FOR_INCLUDES = NO;
				SUPPORTED_PLATFORMS = "appletvos appletvsimulator iphoneos iphonesimulator";
				SUPPORTS_MACCATALYST = NO;
				SUPPORTS_MAC_DESIGNED_FOR_IPHONE_IPAD = YES;
				SWIFT_OBJC_BRIDGING_HEADER = "THLHOSTSApp/THLHOSTSApp-Bridging-Header.h";
				SWIFT_VERSION = 4.2;
				TARGETED_DEVICE_FAMILY = "1,2,3";
				TVOS_DEPLOYMENT_TARGET = 17.0;
			};
			name = Release;
		};
/* End XCBuildConfiguration section */

/* Begin XCConfigurationList section */
		3517EAFD6823643E6205A195 /* Build configuration list for PBXNativeTarget "THLHOSTSNetworkExtension" */ = {
			isa = XCConfigurationList;
			buildConfigurations = (
				81D2230A86AB75AE9BDE53ED /* Release */,
				4D8C94C23CC2A20ABD083C23 /* Debug */,
			);
			defaultConfigurationIsVisible = 0;
			defaultConfigurationName = Release;
		};
		B002B85D1BAE420500C744AF /* Build configuration list for PBXProject "THLHOSTSApp" */ = {
			isa = XCConfigurationList;
			buildConfigurations = (
				B002B8741BAE420500C744AF /* Debug */,
				B002B8751BAE420500C744AF /* Release */,
			);
			defaultConfigurationIsVisible = 0;
			defaultConfigurationName = Release;
		};
		B002B8761BAE420500C744AF /* Build configuration list for PBXNativeTarget "THLHOSTSApp" */ = {
			isa = XCConfigurationList;
			buildConfigurations = (
				B002B8771BAE420500C744AF /* Debug */,
				B002B8781BAE420500C744AF /* Release */,
			);
			defaultConfigurationIsVisible = 0;
			defaultConfigurationName = Release;
		};
/* End XCConfigurationList section */
	};
	rootObject = B002B85A1BAE420500C744AF /* Project object */;
}
